// !$*UTF8*$!
{
	archiveVersion = 1;
	classes = {
	};
	objectVersion = 56;
	objects = {

/* Begin PBXBuildFile section */
		148A251D2ECEAC07007AFD22 /* AABridge in Frameworks */ = {isa = PBXBuildFile; productRef = 148A251C2ECEAC07007AFD22 /* AABridge */; };
		148A251F2ECEAC07007AFD22 /* AAplus in Frameworks */ = {isa = PBXBuildFile; productRef = 148A251E2ECEAC07007AFD22 /* AAplus */; };
		148A25212ECEAC07007AFD22 /* SwiftAA in Frameworks */ = {isa = PBXBuildFile; productRef = 148A25202ECEAC07007AFD22 /* SwiftAA */; };
		D4A1B9F12A5E1C8900123456 /* LineOfSightApp.swift in Sources */ = {isa = PBXBuildFile; fileRef = D4A1B9F02A5E1C8900123456 /* LineOfSightApp.swift */; };
		D4A1B9F32A5E1C8900123456 /* ContentView.swift in Sources */ = {isa = PBXBuildFile; fileRef = D4A1B9F22A5E1C8900123456 /* ContentView.swift */; };
		D4A1B9F52A5E1C8B00123456 /* Assets.xcassets in Resources */ = {isa = PBXBuildFile; fileRef = D4A1B9F42A5E1C8B00123456 /* Assets.xcassets */; };
		D4A1B9F82A5E1C8B00123456 /* Preview Assets.xcassets in Resources */ = {isa = PBXBuildFile; fileRef = D4A1B9F72A5E1C8B00123456 /* Preview Assets.xcassets */; };
		D4A1B9FE2A5E1C8900123456 /* Location.swift in Sources */ = {isa = PBXBuildFile; fileRef = D4A1B9F82A5E1C8900123456 /* Location.swift */; };
		D4A1B9FF2A5E1C8900123456 /* CelestialObject.swift in Sources */ = {isa = PBXBuildFile; fileRef = D4A1B9F92A5E1C8900123456 /* CelestialObject.swift */; };
		D4A1BA002A5E1C8900123456 /* LocationService.swift in Sources */ = {isa = PBXBuildFile; fileRef = D4A1B9FA2A5E1C8900123456 /* LocationService.swift */; };
		D4A1BA012A5E1C8900123456 /* AstronomicalCalculations.swift in Sources */ = {isa = PBXBuildFile; fileRef = D4A1B9FB2A5E1C8900123456 /* AstronomicalCalculations.swift */; };
		D4A1BA022A5E1C8900123456 /* FindViewModel.swift in Sources */ = {isa = PBXBuildFile; fileRef = D4A1B9FC2A5E1C8900123456 /* FindViewModel.swift */; };
		D4A1BA032A5E1C8900123456 /* MapSelectionView.swift in Sources */ = {isa = PBXBuildFile; fileRef = D4A1B9FD2A5E1C8900123456 /* MapSelectionView.swift */; };
/* End PBXBuildFile section */

/* Begin PBXFileReference section */
		D4A1B9ED2A5E1C8900123456 /* LineOfSight.app */ = {isa = PBXFileReference; explicitFileType = wrapper.application; includeInIndex = 0; path = LineOfSight.app; sourceTree = BUILT_PRODUCTS_DIR; };
		D4A1B9F02A5E1C8900123456 /* LineOfSightApp.swift */ = {isa = PBXFileReference; lastKnownFileType = sourcecode.swift; path = LineOfSightApp.swift; sourceTree = "<group>"; };
		D4A1B9F22A5E1C8900123456 /* ContentView.swift */ = {isa = PBXFileReference; lastKnownFileType = sourcecode.swift; path = ContentView.swift; sourceTree = "<group>"; };
		D4A1B9F42A5E1C8B00123456 /* Assets.xcassets */ = {isa = PBXFileReference; lastKnownFileType = folder.assetcatalog; path = Assets.xcassets; sourceTree = "<group>"; };
		D4A1B9F72A5E1C8B00123456 /* Preview Assets.xcassets */ = {isa = PBXFileReference; lastKnownFileType = folder.assetcatalog; path = "Preview Assets.xcassets"; sourceTree = "<group>"; };
		D4A1B9F82A5E1C8900123456 /* Location.swift */ = {isa = PBXFileReference; lastKnownFileType = sourcecode.swift; path = Location.swift; sourceTree = "<group>"; };
		D4A1B9F92A5E1C8900123456 /* CelestialObject.swift */ = {isa = PBXFileReference; lastKnownFileType = sourcecode.swift; path = CelestialObject.swift; sourceTree = "<group>"; };
		D4A1B9FA2A5E1C8900123456 /* LocationService.swift */ = {isa = PBXFileReference; lastKnownFileType = sourcecode.swift; path = LocationService.swift; sourceTree = "<group>"; };
		D4A1B9FB2A5E1C8900123456 /* AstronomicalCalculations.swift */ = {isa = PBXFileReference; lastKnownFileType = sourcecode.swift; path = AstronomicalCalculations.swift; sourceTree = "<group>"; };
		D4A1B9FC2A5E1C8900123456 /* FindViewModel.swift */ = {isa = PBXFileReference; lastKnownFileType = sourcecode.swift; path = FindViewModel.swift; sourceTree = "<group>"; };
		D4A1B9FD2A5E1C8900123456 /* MapSelectionView.swift */ = {isa = PBXFileReference; lastKnownFileType = sourcecode.swift; path = MapSelectionView.swift; sourceTree = "<group>"; };
/* End PBXFileReference section */

/* Begin PBXFrameworksBuildPhase section */
		D4A1B9EA2A5E1C8900123456 /* Frameworks */ = {
			isa = PBXFrameworksBuildPhase;
			buildActionMask = 2147483647;
			files = (
				148A25212ECEAC07007AFD22 /* SwiftAA in Frameworks */,
				148A251F2ECEAC07007AFD22 /* AAplus in Frameworks */,
				148A251D2ECEAC07007AFD22 /* AABridge in Frameworks */,
			);
			runOnlyForDeploymentPostprocessing = 0;
		};
/* End PBXFrameworksBuildPhase section */

/* Begin PBXGroup section */
		D4A1B9E42A5E1C8900123456 = {
			isa = PBXGroup;
			children = (
				D4A1B9EF2A5E1C8900123456 /* LineOfSight */,
				D4A1B9EE2A5E1C8900123456 /* Products */,
			);
			sourceTree = "<group>";
		};
		D4A1B9EE2A5E1C8900123456 /* Products */ = {
			isa = PBXGroup;
			children = (
				D4A1B9ED2A5E1C8900123456 /* LineOfSight.app */,
			);
			name = Products;
			sourceTree = "<group>";
		};
		D4A1B9EF2A5E1C8900123456 /* LineOfSight */ = {
			isa = PBXGroup;
			children = (
				D4A1B9F02A5E1C8900123456 /* LineOfSightApp.swift */,
				D4A1B9F22A5E1C8900123456 /* ContentView.swift */,
				D4A1BA042A5E1C8900123456 /* Views */,
				D4A1BA052A5E1C8900123456 /* ViewModels */,
				D4A1BA062A5E1C8900123456 /* Models */,
				D4A1BA072A5E1C8900123456 /* Services */,
				D4A1B9F42A5E1C8B00123456 /* Assets.xcassets */,
				D4A1B9F62A5E1C8B00123456 /* Preview Content */,
			);
			path = LineOfSight;
			sourceTree = "<group>";
		};
		D4A1B9F62A5E1C8B00123456 /* Preview Content */ = {
			isa = PBXGroup;
			children = (
				D4A1B9F72A5E1C8B00123456 /* Preview Assets.xcassets */,
			);
			path = "Preview Content";
			sourceTree = "<group>";
		};
		D4A1BA042A5E1C8900123456 /* Views */ = {
			isa = PBXGroup;
			children = (
				D4A1BA082A5E1C8900123456 /* Find */,
			);
			path = Views;
			sourceTree = "<group>";
		};
		D4A1BA052A5E1C8900123456 /* ViewModels */ = {
			isa = PBXGroup;
			children = (
				D4A1B9FC2A5E1C8900123456 /* FindViewModel.swift */,
			);
			path = ViewModels;
			sourceTree = "<group>";
		};
		D4A1BA062A5E1C8900123456 /* Models */ = {
			isa = PBXGroup;
			children = (
				D4A1B9F82A5E1C8900123456 /* Location.swift */,
				D4A1B9F92A5E1C8900123456 /* CelestialObject.swift */,
			);
			path = Models;
			sourceTree = "<group>";
		};
		D4A1BA072A5E1C8900123456 /* Services */ = {
			isa = PBXGroup;
			children = (
				D4A1B9FA2A5E1C8900123456 /* LocationService.swift */,
				D4A1B9FB2A5E1C8900123456 /* AstronomicalCalculations.swift */,
			);
			path = Services;
			sourceTree = "<group>";
		};
		D4A1BA082A5E1C8900123456 /* Find */ = {
			isa = PBXGroup;
			children = (
				D4A1B9FD2A5E1C8900123456 /* MapSelectionView.swift */,
			);
			path = Find;
			sourceTree = "<group>";
		};
/* End PBXGroup section */

/* Begin PBXNativeTarget section */
		D4A1B9EC2A5E1C8900123456 /* LineOfSight */ = {
			isa = PBXNativeTarget;
			buildConfigurationList = D4A1B9FB2A5E1C8B00123456 /* Build configuration list for PBXNativeTarget "LineOfSight" */;
			buildPhases = (
				D4A1B9E92A5E1C8900123456 /* Sources */,
				D4A1B9EA2A5E1C8900123456 /* Frameworks */,
				D4A1B9EB2A5E1C8900123456 /* Resources */,
			);
			buildRules = (
			);
			dependencies = (
			);
			name = LineOfSight;
			productName = LineOfSight;
			productReference = D4A1B9ED2A5E1C8900123456 /* LineOfSight.app */;
			productType = "com.apple.product-type.application";
		};
/* End PBXNativeTarget section */

/* Begin PBXProject section */
		D4A1B9E52A5E1C8900123456 /* Project object */ = {
			isa = PBXProject;
			attributes = {
				BuildIndependentTargetsInParallel = 1;
				LastSwiftUpdateCheck = 1500;
				LastUpgradeCheck = 1500;
				TargetAttributes = {
					D4A1B9EC2A5E1C8900123456 = {
						CreatedOnToolsVersion = 15.0;
					};
				};
			};
			buildConfigurationList = D4A1B9E82A5E1C8900123456 /* Build configuration list for PBXProject "LineOfSight" */;
			compatibilityVersion = "Xcode 14.0";
			developmentRegion = en;
			hasScannedForEncodings = 0;
			knownRegions = (
				en,
				Base,
			);
			mainGroup = D4A1B9E42A5E1C8900123456;
			packageReferences = (
				148A251B2ECEAC07007AFD22 /* XCRemoteSwiftPackageReference "SwiftAA" */,
			);
			productRefGroup = D4A1B9EE2A5E1C8900123456 /* Products */;
			projectDirPath = "";
			projectRoot = "";
			targets = (
				D4A1B9EC2A5E1C8900123456 /* LineOfSight */,
			);
		};
/* End PBXProject section */

/* Begin PBXResourcesBuildPhase section */
		D4A1B9EB2A5E1C8900123456 /* Resources */ = {
			isa = PBXResourcesBuildPhase;
			buildActionMask = 2147483647;
			files = (
				D4A1B9F82A5E1C8B00123456 /* Preview Assets.xcassets in Resources */,
				D4A1B9F52A5E1C8B00123456 /* Assets.xcassets in Resources */,
			);
			runOnlyForDeploymentPostprocessing = 0;
		};
/* End PBXResourcesBuildPhase section */

/* Begin PBXSourcesBuildPhase section */
		D4A1B9E92A5E1C8900123456 /* Sources */ = {
			isa = PBXSourcesBuildPhase;
			buildActionMask = 2147483647;
			files = (
				D4A1B9F32A5E1C8900123456 /* ContentView.swift in Sources */,
				D4A1B9F12A5E1C8900123456 /* LineOfSightApp.swift in Sources */,
				D4A1B9FE2A5E1C8900123456 /* Location.swift in Sources */,
				D4A1B9FF2A5E1C8900123456 /* CelestialObject.swift in Sources */,
				D4A1BA002A5E1C8900123456 /* LocationService.swift in Sources */,
				D4A1BA012A5E1C8900123456 /* AstronomicalCalculations.swift in Sources */,
				D4A1BA022A5E1C8900123456 /* FindViewModel.swift in Sources */,
				D4A1BA032A5E1C8900123456 /* MapSelectionView.swift in Sources */,
			);
			runOnlyForDeploymentPostprocessing = 0;
		};
/* End PBXSourcesBuildPhase section */

/* Begin XCBuildConfiguration section */
		D4A1B9F92A5E1C8B00123456 /* Debug */ = {
			isa = XCBuildConfiguration;
			buildSettings = {
				ALWAYS_SEARCH_USER_PATHS = NO;
				ASSETCATALOG_COMPILER_GENERATE_SWIFT_ASSET_SYMBOL_EXTENSIONS = YES;
				CLANG_ANALYZER_NONNULL = YES;
				CLANG_ANALYZER_NUMBER_OBJECT_CONVERSION = YES_AGGRESSIVE;
				CLANG_CXX_LANGUAGE_STANDARD = "gnu++20";
				CLANG_ENABLE_MODULES = YES;
				CLANG_ENABLE_OBJC_ARC = YES;
				CLANG_ENABLE_OBJC_WEAK = YES;
				CLANG_WARN_BLOCK_CAPTURE_AUTORELEASING = YES;
				CLANG_WARN_BOOL_CONVERSION = YES;
				CLANG_WARN_COMMA = YES;
				CLANG_WARN_CONSTANT_CONVERSION = YES;
				CLANG_WARN_DEPRECATED_OBJC_IMPLEMENTATIONS = YES;
				CLANG_WARN_DIRECT_OBJC_ISA_USAGE = YES_ERROR;
				CLANG_WARN_DOCUMENTATION_COMMENTS = YES;
				CLANG_WARN_EMPTY_BODY = YES;
				CLANG_WARN_ENUM_CONVERSION = YES;
				CLANG_WARN_INFINITE_RECURSION = YES;
				CLANG_WARN_INT_CONVERSION = YES;
				CLANG_WARN_NON_LITERAL_NULL_CONVERSION = YES;
				CLANG_WARN_OBJC_IMPLICIT_RETAIN_SELF = YES;
				CLANG_WARN_OBJC_LITERAL_CONVERSION = YES;
				CLANG_WARN_OBJC_ROOT_CLASS = YES_ERROR;
				CLANG_WARN_QUOTED_INCLUDE_IN_FRAMEWORK_HEADER = YES;
				CLANG_WARN_RANGE_LOOP_ANALYSIS = YES;
				CLANG_WARN_STRICT_PROTOTYPES = YES;
				CLANG_WARN_SUSPICIOUS_MOVE = YES;
				CLANG_WARN_UNGUARDED_AVAILABILITY = YES_AGGRESSIVE;
				CLANG_WARN_UNREACHABLE_CODE = YES;
				CLANG_WARN__DUPLICATE_METHOD_MATCH = YES;
				COPY_PHASE_STRIP = NO;
				DEBUG_INFORMATION_FORMAT = dwarf;
				ENABLE_STRICT_OBJC_MSGSEND = YES;
				ENABLE_TESTABILITY = YES;
				ENABLE_USER_SCRIPT_SANDBOXING = YES;
				GCC_C_LANGUAGE_STANDARD = gnu17;
				GCC_DYNAMIC_NO_PIC = NO;
				GCC_NO_COMMON_BLOCKS = YES;
				GCC_OPTIMIZATION_LEVEL = 0;
				GCC_PREPROCESSOR_DEFINITIONS = (
					"DEBUG=1",
					"$(inherited)",
				);
				GCC_WARN_64_TO_32_BIT_CONVERSION = YES;
				GCC_WARN_ABOUT_RETURN_TYPE = YES_ERROR;
				GCC_WARN_UNDECLARED_SELECTOR = YES;
				GCC_WARN_UNINITIALIZED_AUTOS = YES_AGGRESSIVE;
				GCC_WARN_UNUSED_FUNCTION = YES;
				GCC_WARN_UNUSED_VARIABLE = YES;
				IPHONEOS_DEPLOYMENT_TARGET = 16.0;
				LOCALIZATION_PREFERS_STRING_CATALOGS = YES;
				MTL_ENABLE_DEBUG_INFO = INCLUDE_SOURCE;
				MTL_FAST_MATH = YES;
				ONLY_ACTIVE_ARCH = YES;
				SDKROOT = iphoneos;
				SWIFT_ACTIVE_COMPILATION_CONDITIONS = "DEBUG $(inherited)";
				SWIFT_OPTIMIZATION_LEVEL = "-Onone";
			};
			name = Debug;
		};
		D4A1B9FA2A5E1C8B00123456 /* Release */ = {
			isa = XCBuildConfiguration;
			buildSettings = {
				ALWAYS_SEARCH_USER_PATHS = NO;
				ASSETCATALOG_COMPILER_GENERATE_SWIFT_ASSET_SYMBOL_EXTENSIONS = YES;
				CLANG_ANALYZER_NONNULL = YES;
				CLANG_ANALYZER_NUMBER_OBJECT_CONVERSION = YES_AGGRESSIVE;
				CLANG_CXX_LANGUAGE_STANDARD = "gnu++20";
				CLANG_ENABLE_MODULES = YES;
				CLANG_ENABLE_OBJC_ARC = YES;
				CLANG_ENABLE_OBJC_WEAK = YES;
				CLANG_WARN_BLOCK_CAPTURE_AUTORELEASING = YES;
				CLANG_WARN_BOOL_CONVERSION = YES;
				CLANG_WARN_COMMA = YES;
				CLANG_WARN_CONSTANT_CONVERSION = YES;
				CLANG_WARN_DEPRECATED_OBJC_IMPLEMENTATIONS = YES;
				CLANG_WARN_DIRECT_OBJC_ISA_USAGE = YES_ERROR;
				CLANG_WARN_DOCUMENTATION_COMMENTS = YES;
				CLANG_WARN_EMPTY_BODY = YES;
				CLANG_WARN_ENUM_CONVERSION = YES;
				CLANG_WARN_INFINITE_RECURSION = YES;
				CLANG_WARN_INT_CONVERSION = YES;
				CLANG_WARN_NON_LITERAL_NULL_CONVERSION = YES;
				CLANG_WARN_OBJC_IMPLICIT_RETAIN_SELF = YES;
				CLANG_WARN_OBJC_LITERAL_CONVERSION = YES;
				CLANG_WARN_OBJC_ROOT_CLASS = YES_ERROR;
				CLANG_WARN_QUOTED_INCLUDE_IN_FRAMEWORK_HEADER = YES;
				CLANG_WARN_RANGE_LOOP_ANALYSIS = YES;
				CLANG_WARN_STRICT_PROTOTYPES = YES;
				CLANG_WARN_SUSPICIOUS_MOVE = YES;
				CLANG_WARN_UNGUARDED_AVAILABILITY = YES_AGGRESSIVE;
				CLANG_WARN_UNREACHABLE_CODE = YES;
				CLANG_WARN__DUPLICATE_METHOD_MATCH = YES;
				COPY_PHASE_STRIP = NO;
				DEBUG_INFORMATION_FORMAT = "dwarf-with-dsym";
				ENABLE_NS_ASSERTIONS = NO;
				ENABLE_STRICT_OBJC_MSGSEND = YES;
				ENABLE_USER_SCRIPT_SANDBOXING = YES;
				GCC_C_LANGUAGE_STANDARD = gnu17;
				GCC_NO_COMMON_BLOCKS = YES;
				GCC_WARN_64_TO_32_BIT_CONVERSION = YES;
				GCC_WARN_ABOUT_RETURN_TYPE = YES_ERROR;
				GCC_WARN_UNDECLARED_SELECTOR = YES;
				GCC_WARN_UNINITIALIZED_AUTOS = YES_AGGRESSIVE;
				GCC_WARN_UNUSED_FUNCTION = YES;
				GCC_WARN_UNUSED_VARIABLE = YES;
				IPHONEOS_DEPLOYMENT_TARGET = 16.0;
				LOCALIZATION_PREFERS_STRING_CATALOGS = YES;
				MTL_ENABLE_DEBUG_INFO = NO;
				MTL_FAST_MATH = YES;
				SDKROOT = iphoneos;
				SWIFT_COMPILATION_MODE = wholemodule;
				VALIDATE_PRODUCT = YES;
			};
			name = Release;
		};
		D4A1B9FC2A5E1C8B00123456 /* Debug */ = {
			isa = XCBuildConfiguration;
			buildSettings = {
				ASSETCATALOG_COMPILER_APPICON_NAME = AppIcon;
				ASSETCATALOG_COMPILER_GLOBAL_ACCENT_COLOR_NAME = AccentColor;
				CODE_SIGN_STYLE = Automatic;
				CURRENT_PROJECT_VERSION = 1;
				DEVELOPMENT_ASSET_PATHS = "\"LineOfSight/Preview Content\"";
				DEVELOPMENT_TEAM = 3PMZ86G39X;
				ENABLE_PREVIEWS = YES;
				GENERATE_INFOPLIST_FILE = YES;
				INFOPLIST_KEY_NSCameraUsageDescription = "Line-of-Sight uses the camera for precise landmark triangulation and positioning.";
				INFOPLIST_KEY_NSLocationWhenInUseUsageDescription = "Line-of-Sight needs location access to determine your position for celestial alignment calculations.";
				INFOPLIST_KEY_UIApplicationSceneManifest_Generation = YES;
				INFOPLIST_KEY_UIApplicationSupportsIndirectInputEvents = YES;
				INFOPLIST_KEY_UILaunchScreen_Generation = YES;
				INFOPLIST_KEY_UISupportedInterfaceOrientations_iPad = "UIInterfaceOrientationPortrait UIInterfaceOrientationPortraitUpsideDown UIInterfaceOrientationLandscapeLeft UIInterfaceOrientationLandscapeRight";
				INFOPLIST_KEY_UISupportedInterfaceOrientations_iPhone = "UIInterfaceOrientationPortrait UIInterfaceOrientationLandscapeLeft UIInterfaceOrientationLandscapeRight";
				IPHONEOS_DEPLOYMENT_TARGET = 16.0;
				LD_RUNPATH_SEARCH_PATHS = (
					"$(inherited)",
					"@executable_path/Frameworks",
				);
				MARKETING_VERSION = 1.0;
				PRODUCT_BUNDLE_IDENTIFIER = com.zpreator.lineofsight;
				PRODUCT_NAME = "$(TARGET_NAME)";
				SWIFT_EMIT_LOC_STRINGS = YES;
				SWIFT_VERSION = 5.0;
				TARGETED_DEVICE_FAMILY = "1,2";
			};
			name = Debug;
		};
		D4A1B9FD2A5E1C8B00123456 /* Release */ = {
			isa = XCBuildConfiguration;
			buildSettings = {
				ASSETCATALOG_COMPILER_APPICON_NAME = AppIcon;
				ASSETCATALOG_COMPILER_GLOBAL_ACCENT_COLOR_NAME = AccentColor;
				CODE_SIGN_STYLE = Automatic;
				CURRENT_PROJECT_VERSION = 1;
				DEVELOPMENT_ASSET_PATHS = "\"LineOfSight/Preview Content\"";
				DEVELOPMENT_TEAM = 3PMZ86G39X;
				ENABLE_PREVIEWS = YES;
				GENERATE_INFOPLIST_FILE = YES;
				INFOPLIST_KEY_NSCameraUsageDescription = "Line-of-Sight uses the camera for precise landmark triangulation and positioning.";
				INFOPLIST_KEY_NSLocationWhenInUseUsageDescription = "Line-of-Sight needs location access to determine your position for celestial alignment calculations.";
				INFOPLIST_KEY_UIApplicationSceneManifest_Generation = YES;
				INFOPLIST_KEY_UIApplicationSupportsIndirectInputEvents = YES;
				INFOPLIST_KEY_UILaunchScreen_Generation = YES;
				INFOPLIST_KEY_UISupportedInterfaceOrientations_iPad = "UIInterfaceOrientationPortrait UIInterfaceOrientationPortraitUpsideDown UIInterfaceOrientationLandscapeLeft UIInterfaceOrientationLandscapeRight";
				INFOPLIST_KEY_UISupportedInterfaceOrientations_iPhone = "UIInterfaceOrientationPortrait UIInterfaceOrientationLandscapeLeft UIInterfaceOrientationLandscapeRight";
				IPHONEOS_DEPLOYMENT_TARGET = 16.0;
				LD_RUNPATH_SEARCH_PATHS = (
					"$(inherited)",
					"@executable_path/Frameworks",
				);
				MARKETING_VERSION = 1.0;
				PRODUCT_BUNDLE_IDENTIFIER = com.zpreator.lineofsight;
				PRODUCT_NAME = "$(TARGET_NAME)";
				SWIFT_EMIT_LOC_STRINGS = YES;
				SWIFT_VERSION = 5.0;
				TARGETED_DEVICE_FAMILY = "1,2";
			};
			name = Release;
		};
/* End XCBuildConfiguration section */

/* Begin XCConfigurationList section */
		D4A1B9E82A5E1C8900123456 /* Build configuration list for PBXProject "LineOfSight" */ = {
			isa = XCConfigurationList;
			buildConfigurations = (
				D4A1B9F92A5E1C8B00123456 /* Debug */,
				D4A1B9FA2A5E1C8B00123456 /* Release */,
			);
			defaultConfigurationIsVisible = 0;
			defaultConfigurationName = Release;
		};
		D4A1B9FB2A5E1C8B00123456 /* Build configuration list for PBXNativeTarget "LineOfSight" */ = {
			isa = XCConfigurationList;
			buildConfigurations = (
				D4A1B9FC2A5E1C8B00123456 /* Debug */,
				D4A1B9FD2A5E1C8B00123456 /* Release */,
			);
			defaultConfigurationIsVisible = 0;
			defaultConfigurationName = Release;
		};
/* End XCConfigurationList section */

/* Begin XCRemoteSwiftPackageReference section */
		148A251B2ECEAC07007AFD22 /* XCRemoteSwiftPackageReference "SwiftAA" */ = {
			isa = XCRemoteSwiftPackageReference;
			repositoryURL = "https://github.com/onekiloparsec/SwiftAA.git";
			requirement = {
				kind = upToNextMajorVersion;
				minimumVersion = 3.0.1;
			};
		};
/* End XCRemoteSwiftPackageReference section */

/* Begin XCSwiftPackageProductDependency section */
		148A251C2ECEAC07007AFD22 /* AABridge */ = {
			isa = XCSwiftPackageProductDependency;
			package = 148A251B2ECEAC07007AFD22 /* XCRemoteSwiftPackageReference "SwiftAA" */;
			productName = AABridge;
		};
		148A251E2ECEAC07007AFD22 /* AAplus */ = {
			isa = XCSwiftPackageProductDependency;
			package = 148A251B2ECEAC07007AFD22 /* XCRemoteSwiftPackageReference "SwiftAA" */;
			productName = AAplus;
		};
		148A25202ECEAC07007AFD22 /* SwiftAA */ = {
			isa = XCSwiftPackageProductDependency;
			package = 148A251B2ECEAC07007AFD22 /* XCRemoteSwiftPackageReference "SwiftAA" */;
			productName = SwiftAA;
		};
/* End XCSwiftPackageProductDependency section */
	};
	rootObject = D4A1B9E52A5E1C8900123456 /* Project object */;
}
